
Microsoft Visual Studio Solution File, Format Version 12.00
# Visual Studio Version 17
VisualStudioVersion = 17.11.35222.181
MinimumVisualStudioVersion = 10.0.40219.1
Project("{9A19103F-16F7-4668-BE54-9A1E7A4F7556}") = "MilkWala", "MilkWala\MilkWala.csproj", "{B92FEABF-F8EB-41C1-A41C-D0BC648612FA}"
EndProject
Project("{FAE04EC0-301F-11D3-BF4B-00C04F79EFBC}") = "Utility", "Utility\Utility.csproj", "{87327F13-2D15-44E5-ACB3-67B66A40B34B}"
EndProject
Global
	GlobalSection(SolutionConfigurationPlatforms) = preSolution
		Debug|Any CPU = Debug|Any CPU
		Release|Any CPU = Release|Any CPU
	EndGlobalSection
	GlobalSection(ProjectConfigurationPlatforms) = postSolution
		{B92FEABF-F8EB-41C1-A41C-D0BC648612FA}.Debug|Any CPU.ActiveCfg = Debug|Any CPU
		{B92FEABF-F8EB-41C1-A41C-D0BC648612FA}.Debug|Any CPU.Build.0 = Debug|Any CPU
		{B92FEABF-F8EB-41C1-A41C-D0BC648612FA}.Release|Any CPU.ActiveCfg = Release|Any CPU
		{B92FEABF-F8EB-41C1-A41C-D0BC648612FA}.Release|Any CPU.Build.0 = Release|Any CPU
		{87327F13-2D15-44E5-ACB3-67B66A40B34B}.Debug|Any CPU.ActiveCfg = Debug|Any CPU
		{87327F13-2D15-44E5-ACB3-67B66A40B34B}.Debug|Any CPU.Build.0 = Debug|Any CPU
		{87327F13-2D15-44E5-ACB3-67B66A40B34B}.Release|Any CPU.ActiveCfg = Release|Any CPU
		{87327F13-2D15-44E5-ACB3-67B66A40B34B}.Release|Any CPU.Build.0 = Release|Any CPU
	EndGlobalSection
	GlobalSection(SolutionProperties) = preSolution
		HideSolutionNode = FALSE
	EndGlobalSection
	GlobalSection(ExtensibilityGlobals) = postSolution
		SolutionGuid = {34FB8915-8FBF-4E80-B4A2-F4B3DFD96C8A}
	EndGlobalSection
EndGlobal
